
Microsoft Visual Studio Solution File, Format Version 12.00
# Visual Studio Version 17
VisualStudioVersion = 17.5.33516.290
MinimumVisualStudioVersion = 10.0.40219.1
Project("{FAE04EC0-301F-11D3-BF4B-00C04F79EFBC}") = "Calculator", "Calculator.csproj", "{8F5E66B7-E914-4DB0-9F06-A1CB50A56E33}"
EndProject
Global
	GlobalSection(SolutionConfigurationPlatforms) = preSolution
		Debug|Any CPU = Debug|Any CPU
		Release|Any CPU = Release|Any CPU
	EndGlobalSection
	GlobalSection(ProjectConfigurationPlatforms) = postSolution
		{8F5E66B7-E914-4DB0-9F06-A1CB50A56E33}.Debug|Any CPU.ActiveCfg = Debug|Any CPU
		{8F5E66B7-E914-4DB0-9F06-A1CB50A56E33}.Debug|Any CPU.Build.0 = Debug|Any CPU
		{8F5E66B7-E914-4DB0-9F06-A1CB50A56E33}.Release|Any CPU.ActiveCfg = Release|Any CPU
		{8F5E66B7-E914-4DB0-9F06-A1CB50A56E33}.Release|Any CPU.Build.0 = Release|Any CPU
	EndGlobalSection
	GlobalSection(SolutionProperties) = preSolution
		HideSolutionNode = FALSE
	EndGlobalSection
	GlobalSection(ExtensibilityGlobals) = postSolution
		SolutionGuid = {936B38B7-C0B7-4A22-8E60-336AA4FFF9C8}
	EndGlobalSection
EndGlobal
